
Microsoft Visual Studio Solution File, Format Version 12.00
# Visual Studio 2012
Project("{FAE04EC0-301F-11D3-BF4B-00C04F79EFBC}") = "Xamarin.Plugins.CrossImageResizer", "Xamarin.Plugins.CrossImageResizer\Xamarin.Plugins.CrossImageResizer.csproj", "{C0382D05-1C30-422B-A833-2FE14E7EFC0C}"
EndProject
Global
	GlobalSection(SolutionConfigurationPlatforms) = preSolution
		Debug|Any CPU = Debug|Any CPU
		Release|Any CPU = Release|Any CPU
	EndGlobalSection
	GlobalSection(ProjectConfigurationPlatforms) = postSolution
		{C0382D05-1C30-422B-A833-2FE14E7EFC0C}.Debug|Any CPU.ActiveCfg = Debug|Any CPU
		{C0382D05-1C30-422B-A833-2FE14E7EFC0C}.Debug|Any CPU.Build.0 = Debug|Any CPU
		{C0382D05-1C30-422B-A833-2FE14E7EFC0C}.Release|Any CPU.ActiveCfg = Release|Any CPU
		{C0382D05-1C30-422B-A833-2FE14E7EFC0C}.Release|Any CPU.Build.0 = Release|Any CPU
	EndGlobalSection
EndGlobal
